
Microsoft Visual Studio Solution File, Format Version 12.00
# Visual Studio 14
VisualStudioVersion = 14.0.25420.1
MinimumVisualStudioVersion = 10.0.40219.1
Project("{FAE04EC0-301F-11D3-BF4B-00C04F79EFBC}") = "cryptTest", "cryptTest\cryptTest.csproj", "{27BA2DE3-4FCD-4C03-8D02-D72368E11334}"
EndProject
Project("{2150E333-8FDC-42A3-9474-1A3956D46DE8}") = "Solution Items", "Solution Items", "{E877974C-0E47-44F7-A5C5-BEC1E2FC5813}"
	ProjectSection(SolutionItems) = preProject
		README.md = README.md
	EndProjectSection
EndProject
Project("{FAE04EC0-301F-11D3-BF4B-00C04F79EFBC}") = "cryptPcl", "cryptPcl\cryptPcl.csproj", "{EAA142C3-6C57-4CC3-AD35-53B9AEC81991}"
EndProject
Project("{FAE04EC0-301F-11D3-BF4B-00C04F79EFBC}") = "ConsoleApplication1", "ConsoleApplication1\ConsoleApplication1.csproj", "{CF62F210-7EDF-4085-BCEC-FEB46326D4F3}"
EndProject
Global
	GlobalSection(SolutionConfigurationPlatforms) = preSolution
		Debug|Any CPU = Debug|Any CPU
		Debug|x86 = Debug|x86
		Release|Any CPU = Release|Any CPU
		Release|x86 = Release|x86
	EndGlobalSection
	GlobalSection(ProjectConfigurationPlatforms) = postSolution
		{27BA2DE3-4FCD-4C03-8D02-D72368E11334}.Debug|Any CPU.ActiveCfg = Debug|Any CPU
		{27BA2DE3-4FCD-4C03-8D02-D72368E11334}.Debug|Any CPU.Build.0 = Debug|Any CPU
		{27BA2DE3-4FCD-4C03-8D02-D72368E11334}.Debug|x86.ActiveCfg = Debug|Any CPU
		{27BA2DE3-4FCD-4C03-8D02-D72368E11334}.Debug|x86.Build.0 = Debug|Any CPU
		{27BA2DE3-4FCD-4C03-8D02-D72368E11334}.Release|Any CPU.ActiveCfg = Release|Any CPU
		{27BA2DE3-4FCD-4C03-8D02-D72368E11334}.Release|Any CPU.Build.0 = Release|Any CPU
		{27BA2DE3-4FCD-4C03-8D02-D72368E11334}.Release|x86.ActiveCfg = Release|Any CPU
		{27BA2DE3-4FCD-4C03-8D02-D72368E11334}.Release|x86.Build.0 = Release|Any CPU
		{EAA142C3-6C57-4CC3-AD35-53B9AEC81991}.Debug|Any CPU.ActiveCfg = Debug|Any CPU
		{EAA142C3-6C57-4CC3-AD35-53B9AEC81991}.Debug|Any CPU.Build.0 = Debug|Any CPU
		{EAA142C3-6C57-4CC3-AD35-53B9AEC81991}.Debug|x86.ActiveCfg = Debug|Any CPU
		{EAA142C3-6C57-4CC3-AD35-53B9AEC81991}.Debug|x86.Build.0 = Debug|Any CPU
		{EAA142C3-6C57-4CC3-AD35-53B9AEC81991}.Release|Any CPU.ActiveCfg = Release|Any CPU
		{EAA142C3-6C57-4CC3-AD35-53B9AEC81991}.Release|Any CPU.Build.0 = Release|Any CPU
		{EAA142C3-6C57-4CC3-AD35-53B9AEC81991}.Release|x86.ActiveCfg = Release|Any CPU
		{EAA142C3-6C57-4CC3-AD35-53B9AEC81991}.Release|x86.Build.0 = Release|Any CPU
		{CF62F210-7EDF-4085-BCEC-FEB46326D4F3}.Debug|Any CPU.ActiveCfg = Debug|Any CPU
		{CF62F210-7EDF-4085-BCEC-FEB46326D4F3}.Debug|Any CPU.Build.0 = Debug|Any CPU
		{CF62F210-7EDF-4085-BCEC-FEB46326D4F3}.Debug|x86.ActiveCfg = Debug|x86
		{CF62F210-7EDF-4085-BCEC-FEB46326D4F3}.Debug|x86.Build.0 = Debug|x86
		{CF62F210-7EDF-4085-BCEC-FEB46326D4F3}.Release|Any CPU.ActiveCfg = Release|Any CPU
		{CF62F210-7EDF-4085-BCEC-FEB46326D4F3}.Release|Any CPU.Build.0 = Release|Any CPU
		{CF62F210-7EDF-4085-BCEC-FEB46326D4F3}.Release|x86.ActiveCfg = Release|Any CPU
		{CF62F210-7EDF-4085-BCEC-FEB46326D4F3}.Release|x86.Build.0 = Release|Any CPU
	EndGlobalSection
	GlobalSection(SolutionProperties) = preSolution
		HideSolutionNode = FALSE
	EndGlobalSection
EndGlobal
